// !$*UTF8*$!
{
	archiveVersion = 1;
	classes = {
	};
	objectVersion = 46;
	objects = {

/* Begin PBXBuildFile section */
		AA1AC3AB183672C90054EC93 /* NewBookViewController.m in Sources */ = {isa = PBXBuildFile; fileRef = AA1AC3AA183672C90054EC93 /* NewBookViewController.m */; };
		AA420D67183D04C200994AD6 /* EditViewController.m in Sources */ = {isa = PBXBuildFile; fileRef = AA420D66183D04C200994AD6 /* EditViewController.m */; };
		AA8965C7183BA76000A85945 /* SummaryViewController.m in Sources */ = {isa = PBXBuildFile; fileRef = AA8965C6183BA76000A85945 /* SummaryViewController.m */; };
		AAC44407183104ED003251E8 /* Foundation.framework in Frameworks */ = {isa = PBXBuildFile; fileRef = AAC44406183104ED003251E8 /* Foundation.framework */; };
		AAC44409183104ED003251E8 /* CoreGraphics.framework in Frameworks */ = {isa = PBXBuildFile; fileRef = AAC44408183104ED003251E8 /* CoreGraphics.framework */; };
		AAC4440B183104ED003251E8 /* UIKit.framework in Frameworks */ = {isa = PBXBuildFile; fileRef = AAC4440A183104ED003251E8 /* UIKit.framework */; };
		AAC44411183104ED003251E8 /* InfoPlist.strings in Resources */ = {isa = PBXBuildFile; fileRef = AAC4440F183104ED003251E8 /* InfoPlist.strings */; };
		AAC44413183104ED003251E8 /* main.m in Sources */ = {isa = PBXBuildFile; fileRef = AAC44412183104ED003251E8 /* main.m */; };
		AAC44417183104ED003251E8 /* AppDelegate.m in Sources */ = {isa = PBXBuildFile; fileRef = AAC44416183104ED003251E8 /* AppDelegate.m */; };
		AAC4441A183104ED003251E8 /* Main_iPhone.storyboard in Resources */ = {isa = PBXBuildFile; fileRef = AAC44418183104ED003251E8 /* Main_iPhone.storyboard */; };
		AAC4441D183104ED003251E8 /* Main_iPad.storyboard in Resources */ = {isa = PBXBuildFile; fileRef = AAC4441B183104ED003251E8 /* Main_iPad.storyboard */; };
		AAC44420183104ED003251E8 /* MasterViewController.m in Sources */ = {isa = PBXBuildFile; fileRef = AAC4441F183104ED003251E8 /* MasterViewController.m */; };
		AAC44423183104ED003251E8 /* DetailViewController.m in Sources */ = {isa = PBXBuildFile; fileRef = AAC44422183104ED003251E8 /* DetailViewController.m */; };
		AAC44425183104ED003251E8 /* Images.xcassets in Resources */ = {isa = PBXBuildFile; fileRef = AAC44424183104ED003251E8 /* Images.xcassets */; };
		AAC4442C183104ED003251E8 /* XCTest.framework in Frameworks */ = {isa = PBXBuildFile; fileRef = AAC4442B183104ED003251E8 /* XCTest.framework */; };
		AAC4442D183104ED003251E8 /* Foundation.framework in Frameworks */ = {isa = PBXBuildFile; fileRef = AAC44406183104ED003251E8 /* Foundation.framework */; };
		AAC4442E183104ED003251E8 /* UIKit.framework in Frameworks */ = {isa = PBXBuildFile; fileRef = AAC4440A183104ED003251E8 /* UIKit.framework */; };
		AAC44436183104ED003251E8 /* InfoPlist.strings in Resources */ = {isa = PBXBuildFile; fileRef = AAC44434183104ED003251E8 /* InfoPlist.strings */; };
		AAC44438183104ED003251E8 /* Phase_2Tests.m in Sources */ = {isa = PBXBuildFile; fileRef = AAC44437183104ED003251E8 /* Phase_2Tests.m */; };
		AAC4444618310805003251E8 /* Book.m in Sources */ = {isa = PBXBuildFile; fileRef = AAC4444218310805003251E8 /* Book.m */; };
		AAC4444718310805003251E8 /* SimpleBookManager.m in Sources */ = {isa = PBXBuildFile; fileRef = AAC4444518310805003251E8 /* SimpleBookManager.m */; };
		AAE34C33183A430100074A3F /* Books.plist in Resources */ = {isa = PBXBuildFile; fileRef = AAE34C32183A430100074A3F /* Books.plist */; };
/* End PBXBuildFile section */

/* Begin PBXContainerItemProxy section */
		AAC4442F183104ED003251E8 /* PBXContainerItemProxy */ = {
			isa = PBXContainerItemProxy;
			containerPortal = AAC443FB183104ED003251E8 /* Project object */;
			proxyType = 1;
			remoteGlobalIDString = AAC44402183104ED003251E8;
			remoteInfo = "Phase 2";
		};
/* End PBXContainerItemProxy section */

/* Begin PBXFileReference section */
		AA1AC3A9183672C90054EC93 /* NewBookViewController.h */ = {isa = PBXFileReference; fileEncoding = 4; lastKnownFileType = sourcecode.c.h; path = NewBookViewController.h; sourceTree = "<group>"; };
		AA1AC3AA183672C90054EC93 /* NewBookViewController.m */ = {isa = PBXFileReference; fileEncoding = 4; lastKnownFileType = sourcecode.c.objc; path = NewBookViewController.m; sourceTree = "<group>"; };
		AA420D65183D04C200994AD6 /* EditViewController.h */ = {isa = PBXFileReference; fileEncoding = 4; lastKnownFileType = sourcecode.c.h; path = EditViewController.h; sourceTree = "<group>"; };
		AA420D66183D04C200994AD6 /* EditViewController.m */ = {isa = PBXFileReference; fileEncoding = 4; lastKnownFileType = sourcecode.c.objc; path = EditViewController.m; sourceTree = "<group>"; };
		AA8965C5183BA76000A85945 /* SummaryViewController.h */ = {isa = PBXFileReference; fileEncoding = 4; lastKnownFileType = sourcecode.c.h; path = SummaryViewController.h; sourceTree = "<group>"; };
		AA8965C6183BA76000A85945 /* SummaryViewController.m */ = {isa = PBXFileReference; fileEncoding = 4; lastKnownFileType = sourcecode.c.objc; path = SummaryViewController.m; sourceTree = "<group>"; };
		AAC44403183104ED003251E8 /* Phase 2.app */ = {isa = PBXFileReference; explicitFileType = wrapper.application; includeInIndex = 0; path = "Phase 2.app"; sourceTree = BUILT_PRODUCTS_DIR; };
		AAC44406183104ED003251E8 /* Foundation.framework */ = {isa = PBXFileReference; lastKnownFileType = wrapper.framework; name = Foundation.framework; path = System/Library/Frameworks/Foundation.framework; sourceTree = SDKROOT; };
		AAC44408183104ED003251E8 /* CoreGraphics.framework */ = {isa = PBXFileReference; lastKnownFileType = wrapper.framework; name = CoreGraphics.framework; path = System/Library/Frameworks/CoreGraphics.framework; sourceTree = SDKROOT; };
		AAC4440A183104ED003251E8 /* UIKit.framework */ = {isa = PBXFileReference; lastKnownFileType = wrapper.framework; name = UIKit.framework; path = System/Library/Frameworks/UIKit.framework; sourceTree = SDKROOT; };
		AAC4440E183104ED003251E8 /* Phase 2-Info.plist */ = {isa = PBXFileReference; lastKnownFileType = text.plist.xml; path = "Phase 2-Info.plist"; sourceTree = "<group>"; };
		AAC44410183104ED003251E8 /* en */ = {isa = PBXFileReference; lastKnownFileType = text.plist.strings; name = en; path = en.lproj/InfoPlist.strings; sourceTree = "<group>"; };
		AAC44412183104ED003251E8 /* main.m */ = {isa = PBXFileReference; lastKnownFileType = sourcecode.c.objc; path = main.m; sourceTree = "<group>"; };
		AAC44414183104ED003251E8 /* Phase 2-Prefix.pch */ = {isa = PBXFileReference; lastKnownFileType = sourcecode.c.h; path = "Phase 2-Prefix.pch"; sourceTree = "<group>"; };
		AAC44415183104ED003251E8 /* AppDelegate.h */ = {isa = PBXFileReference; lastKnownFileType = sourcecode.c.h; path = AppDelegate.h; sourceTree = "<group>"; };
		AAC44416183104ED003251E8 /* AppDelegate.m */ = {isa = PBXFileReference; lastKnownFileType = sourcecode.c.objc; path = AppDelegate.m; sourceTree = "<group>"; };
		AAC44419183104ED003251E8 /* Base */ = {isa = PBXFileReference; lastKnownFileType = file.storyboard; name = Base; path = Base.lproj/Main_iPhone.storyboard; sourceTree = "<group>"; };
		AAC4441C183104ED003251E8 /* Base */ = {isa = PBXFileReference; lastKnownFileType = file.storyboard; name = Base; path = Base.lproj/Main_iPad.storyboard; sourceTree = "<group>"; };
		AAC4441E183104ED003251E8 /* MasterViewController.h */ = {isa = PBXFileReference; lastKnownFileType = sourcecode.c.h; path = MasterViewController.h; sourceTree = "<group>"; };
		AAC4441F183104ED003251E8 /* MasterViewController.m */ = {isa = PBXFileReference; lastKnownFileType = sourcecode.c.objc; path = MasterViewController.m; sourceTree = "<group>"; };
		AAC44421183104ED003251E8 /* DetailViewController.h */ = {isa = PBXFileReference; lastKnownFileType = sourcecode.c.h; path = DetailViewController.h; sourceTree = "<group>"; };
		AAC44422183104ED003251E8 /* DetailViewController.m */ = {isa = PBXFileReference; lastKnownFileType = sourcecode.c.objc; path = DetailViewController.m; sourceTree = "<group>"; };
		AAC44424183104ED003251E8 /* Images.xcassets */ = {isa = PBXFileReference; lastKnownFileType = folder.assetcatalog; path = Images.xcassets; sourceTree = "<group>"; };
		AAC4442A183104ED003251E8 /* Phase 2Tests.xctest */ = {isa = PBXFileReference; explicitFileType = wrapper.cfbundle; includeInIndex = 0; path = "Phase 2Tests.xctest"; sourceTree = BUILT_PRODUCTS_DIR; };
		AAC4442B183104ED003251E8 /* XCTest.framework */ = {isa = PBXFileReference; lastKnownFileType = wrapper.framework; name = XCTest.framework; path = Library/Frameworks/XCTest.framework; sourceTree = DEVELOPER_DIR; };
		AAC44433183104ED003251E8 /* Phase 2Tests-Info.plist */ = {isa = PBXFileReference; lastKnownFileType = text.plist.xml; path = "Phase 2Tests-Info.plist"; sourceTree = "<group>"; };
		AAC44435183104ED003251E8 /* en */ = {isa = PBXFileReference; lastKnownFileType = text.plist.strings; name = en; path = en.lproj/InfoPlist.strings; sourceTree = "<group>"; };
		AAC44437183104ED003251E8 /* Phase_2Tests.m */ = {isa = PBXFileReference; lastKnownFileType = sourcecode.c.objc; path = Phase_2Tests.m; sourceTree = "<group>"; };
		AAC4444118310805003251E8 /* Book.h */ = {isa = PBXFileReference; fileEncoding = 4; lastKnownFileType = sourcecode.c.h; path = Book.h; sourceTree = "<group>"; };
		AAC4444218310805003251E8 /* Book.m */ = {isa = PBXFileReference; fileEncoding = 4; lastKnownFileType = sourcecode.c.objc; path = Book.m; sourceTree = "<group>"; };
		AAC4444318310805003251E8 /* BookManagerProtocol.h */ = {isa = PBXFileReference; fileEncoding = 4; lastKnownFileType = sourcecode.c.h; path = BookManagerProtocol.h; sourceTree = "<group>"; };
		AAC4444418310805003251E8 /* SimpleBookManager.h */ = {isa = PBXFileReference; fileEncoding = 4; lastKnownFileType = sourcecode.c.h; path = SimpleBookManager.h; sourceTree = "<group>"; };
		AAC4444518310805003251E8 /* SimpleBookManager.m */ = {isa = PBXFileReference; fileEncoding = 4; lastKnownFileType = sourcecode.c.objc; path = SimpleBookManager.m; sourceTree = "<group>"; };
		AAE34C32183A430100074A3F /* Books.plist */ = {isa = PBXFileReference; fileEncoding = 4; lastKnownFileType = text.plist.xml; path = Books.plist; sourceTree = "<group>"; };
/* End PBXFileReference section */

/* Begin PBXFrameworksBuildPhase section */
		AAC44400183104ED003251E8 /* Frameworks */ = {
			isa = PBXFrameworksBuildPhase;
			buildActionMask = 2147483647;
			files = (
				AAC44409183104ED003251E8 /* CoreGraphics.framework in Frameworks */,
				AAC4440B183104ED003251E8 /* UIKit.framework in Frameworks */,
				AAC44407183104ED003251E8 /* Foundation.framework in Frameworks */,
			);
			runOnlyForDeploymentPostprocessing = 0;
		};
		AAC44427183104ED003251E8 /* Frameworks */ = {
			isa = PBXFrameworksBuildPhase;
			buildActionMask = 2147483647;
			files = (
				AAC4442C183104ED003251E8 /* XCTest.framework in Frameworks */,
				AAC4442E183104ED003251E8 /* UIKit.framework in Frameworks */,
				AAC4442D183104ED003251E8 /* Foundation.framework in Frameworks */,
			);
			runOnlyForDeploymentPostprocessing = 0;
		};
/* End PBXFrameworksBuildPhase section */

/* Begin PBXGroup section */
		AAC443FA183104ED003251E8 = {
			isa = PBXGroup;
			children = (
				AAC4440C183104ED003251E8 /* Phase 2 */,
				AAC44431183104ED003251E8 /* Phase 2Tests */,
				AAC44405183104ED003251E8 /* Frameworks */,
				AAC44404183104ED003251E8 /* Products */,
			);
			sourceTree = "<group>";
		};
		AAC44404183104ED003251E8 /* Products */ = {
			isa = PBXGroup;
			children = (
				AAC44403183104ED003251E8 /* Phase 2.app */,
				AAC4442A183104ED003251E8 /* Phase 2Tests.xctest */,
			);
			name = Products;
			sourceTree = "<group>";
		};
		AAC44405183104ED003251E8 /* Frameworks */ = {
			isa = PBXGroup;
			children = (
				AAC44406183104ED003251E8 /* Foundation.framework */,
				AAC44408183104ED003251E8 /* CoreGraphics.framework */,
				AAC4440A183104ED003251E8 /* UIKit.framework */,
				AAC4442B183104ED003251E8 /* XCTest.framework */,
			);
			name = Frameworks;
			sourceTree = "<group>";
		};
		AAC4440C183104ED003251E8 /* Phase 2 */ = {
			isa = PBXGroup;
			children = (
				AA420D65183D04C200994AD6 /* EditViewController.h */,
				AA420D66183D04C200994AD6 /* EditViewController.m */,
				AA8965C5183BA76000A85945 /* SummaryViewController.h */,
				AA8965C6183BA76000A85945 /* SummaryViewController.m */,
				AAE34C32183A430100074A3F /* Books.plist */,
				AAC4444118310805003251E8 /* Book.h */,
				AAC4444218310805003251E8 /* Book.m */,
				AAC4444318310805003251E8 /* BookManagerProtocol.h */,
				AAC4444418310805003251E8 /* SimpleBookManager.h */,
				AAC4444518310805003251E8 /* SimpleBookManager.m */,
				AAC44415183104ED003251E8 /* AppDelegate.h */,
				AAC44416183104ED003251E8 /* AppDelegate.m */,
				AAC44418183104ED003251E8 /* Main_iPhone.storyboard */,
				AA1AC3A9183672C90054EC93 /* NewBookViewController.h */,
				AA1AC3AA183672C90054EC93 /* NewBookViewController.m */,
				AAC4441B183104ED003251E8 /* Main_iPad.storyboard */,
				AAC4441E183104ED003251E8 /* MasterViewController.h */,
				AAC4441F183104ED003251E8 /* MasterViewController.m */,
				AAC44421183104ED003251E8 /* DetailViewController.h */,
				AAC44422183104ED003251E8 /* DetailViewController.m */,
				AAC44424183104ED003251E8 /* Images.xcassets */,
				AAC4440D183104ED003251E8 /* Supporting Files */,
			);
			path = "Phase 2";
			sourceTree = "<group>";
		};
		AAC4440D183104ED003251E8 /* Supporting Files */ = {
			isa = PBXGroup;
			children = (
				AAC4440E183104ED003251E8 /* Phase 2-Info.plist */,
				AAC4440F183104ED003251E8 /* InfoPlist.strings */,
				AAC44412183104ED003251E8 /* main.m */,
				AAC44414183104ED003251E8 /* Phase 2-Prefix.pch */,
			);
			name = "Supporting Files";
			sourceTree = "<group>";
		};
		AAC44431183104ED003251E8 /* Phase 2Tests */ = {
			isa = PBXGroup;
			children = (
				AAC44437183104ED003251E8 /* Phase_2Tests.m */,
				AAC44432183104ED003251E8 /* Supporting Files */,
			);
			path = "Phase 2Tests";
			sourceTree = "<group>";
		};
		AAC44432183104ED003251E8 /* Supporting Files */ = {
			isa = PBXGroup;
			children = (
				AAC44433183104ED003251E8 /* Phase 2Tests-Info.plist */,
				AAC44434183104ED003251E8 /* InfoPlist.strings */,
			);
			name = "Supporting Files";
			sourceTree = "<group>";
		};
/* End PBXGroup section */

/* Begin PBXNativeTarget section */
		AAC44402183104ED003251E8 /* Phase 2 */ = {
			isa = PBXNativeTarget;
			buildConfigurationList = AAC4443B183104ED003251E8 /* Build configuration list for PBXNativeTarget "Phase 2" */;
			buildPhases = (
				AAC443FF183104ED003251E8 /* Sources */,
				AAC44400183104ED003251E8 /* Frameworks */,
				AAC44401183104ED003251E8 /* Resources */,
			);
			buildRules = (
			);
			dependencies = (
			);
			name = "Phase 2";
			productName = "Phase 2";
			productReference = AAC44403183104ED003251E8 /* Phase 2.app */;
			productType = "com.apple.product-type.application";
		};
		AAC44429183104ED003251E8 /* Phase 2Tests */ = {
			isa = PBXNativeTarget;
			buildConfigurationList = AAC4443E183104ED003251E8 /* Build configuration list for PBXNativeTarget "Phase 2Tests" */;
			buildPhases = (
				AAC44426183104ED003251E8 /* Sources */,
				AAC44427183104ED003251E8 /* Frameworks */,
				AAC44428183104ED003251E8 /* Resources */,
			);
			buildRules = (
			);
			dependencies = (
				AAC44430183104ED003251E8 /* PBXTargetDependency */,
			);
			name = "Phase 2Tests";
			productName = "Phase 2Tests";
			productReference = AAC4442A183104ED003251E8 /* Phase 2Tests.xctest */;
			productType = "com.apple.product-type.bundle.unit-test";
		};
/* End PBXNativeTarget section */

/* Begin PBXProject section */
		AAC443FB183104ED003251E8 /* Project object */ = {
			isa = PBXProject;
			attributes = {
				LastUpgradeCheck = 0500;
				ORGANIZATIONNAME = "Christian Fransson";
				TargetAttributes = {
					AAC44429183104ED003251E8 = {
						TestTargetID = AAC44402183104ED003251E8;
					};
				};
			};
			buildConfigurationList = AAC443FE183104ED003251E8 /* Build configuration list for PBXProject "Phase 2" */;
			compatibilityVersion = "Xcode 3.2";
			developmentRegion = English;
			hasScannedForEncodings = 0;
			knownRegions = (
				en,
				Base,
			);
			mainGroup = AAC443FA183104ED003251E8;
			productRefGroup = AAC44404183104ED003251E8 /* Products */;
			projectDirPath = "";
			projectRoot = "";
			targets = (
				AAC44402183104ED003251E8 /* Phase 2 */,
				AAC44429183104ED003251E8 /* Phase 2Tests */,
			);
		};
/* End PBXProject section */

/* Begin PBXResourcesBuildPhase section */
		AAC44401183104ED003251E8 /* Resources */ = {
			isa = PBXResourcesBuildPhase;
			buildActionMask = 2147483647;
			files = (
				AAC4441D183104ED003251E8 /* Main_iPad.storyboard in Resources */,
				AAC44425183104ED003251E8 /* Images.xcassets in Resources */,
				AAC4441A183104ED003251E8 /* Main_iPhone.storyboard in Resources */,
				AAC44411183104ED003251E8 /* InfoPlist.strings in Resources */,
				AAE34C33183A430100074A3F /* Books.plist in Resources */,
			);
			runOnlyForDeploymentPostprocessing = 0;
		};
		AAC44428183104ED003251E8 /* Resources */ = {
			isa = PBXResourcesBuildPhase;
			buildActionMask = 2147483647;
			files = (
				AAC44436183104ED003251E8 /* InfoPlist.strings in Resources */,
			);
			runOnlyForDeploymentPostprocessing = 0;
		};
/* End PBXResourcesBuildPhase section */

/* Begin PBXSourcesBuildPhase section */
		AAC443FF183104ED003251E8 /* Sources */ = {
			isa = PBXSourcesBuildPhase;
			buildActionMask = 2147483647;
			files = (
				AAC4444618310805003251E8 /* Book.m in Sources */,
				AA420D67183D04C200994AD6 /* EditViewController.m in Sources */,
				AAC44417183104ED003251E8 /* AppDelegate.m in Sources */,
				AA8965C7183BA76000A85945 /* SummaryViewController.m in Sources */,
				AAC44420183104ED003251E8 /* MasterViewController.m in Sources */,
				AAC44413183104ED003251E8 /* main.m in Sources */,
				AAC4444718310805003251E8 /* SimpleBookManager.m in Sources */,
				AA1AC3AB183672C90054EC93 /* NewBookViewController.m in Sources */,
				AAC44423183104ED003251E8 /* DetailViewController.m in Sources */,
			);
			runOnlyForDeploymentPostprocessing = 0;
		};
		AAC44426183104ED003251E8 /* Sources */ = {
			isa = PBXSourcesBuildPhase;
			buildActionMask = 2147483647;
			files = (
				AAC44438183104ED003251E8 /* Phase_2Tests.m in Sources */,
			);
			runOnlyForDeploymentPostprocessing = 0;
		};
/* End PBXSourcesBuildPhase section */

/* Begin PBXTargetDependency section */
		AAC44430183104ED003251E8 /* PBXTargetDependency */ = {
			isa = PBXTargetDependency;
			target = AAC44402183104ED003251E8 /* Phase 2 */;
			targetProxy = AAC4442F183104ED003251E8 /* PBXContainerItemProxy */;
		};
/* End PBXTargetDependency section */

/* Begin PBXVariantGroup section */
		AAC4440F183104ED003251E8 /* InfoPlist.strings */ = {
			isa = PBXVariantGroup;
			children = (
				AAC44410183104ED003251E8 /* en */,
			);
			name = InfoPlist.strings;
			sourceTree = "<group>";
		};
		AAC44418183104ED003251E8 /* Main_iPhone.storyboard */ = {
			isa = PBXVariantGroup;
			children = (
				AAC44419183104ED003251E8 /* Base */,
			);
			name = Main_iPhone.storyboard;
			sourceTree = "<group>";
		};
		AAC4441B183104ED003251E8 /* Main_iPad.storyboard */ = {
			isa = PBXVariantGroup;
			children = (
				AAC4441C183104ED003251E8 /* Base */,
			);
			name = Main_iPad.storyboard;
			sourceTree = "<group>";
		};
		AAC44434183104ED003251E8 /* InfoPlist.strings */ = {
			isa = PBXVariantGroup;
			children = (
				AAC44435183104ED003251E8 /* en */,
			);
			name = InfoPlist.strings;
			sourceTree = "<group>";
		};
/* End PBXVariantGroup section */

/* Begin XCBuildConfiguration section */
		AAC44439183104ED003251E8 /* Debug */ = {
			isa = XCBuildConfiguration;
			buildSettings = {
				ALWAYS_SEARCH_USER_PATHS = NO;
				ARCHS = "$(ARCHS_STANDARD_INCLUDING_64_BIT)";
				CLANG_CXX_LANGUAGE_STANDARD = "gnu++0x";
				CLANG_CXX_LIBRARY = "libc++";
				CLANG_ENABLE_MODULES = YES;
				CLANG_ENABLE_OBJC_ARC = YES;
				CLANG_WARN_BOOL_CONVERSION = YES;
				CLANG_WARN_CONSTANT_CONVERSION = YES;
				CLANG_WARN_DIRECT_OBJC_ISA_USAGE = YES_ERROR;
				CLANG_WARN_EMPTY_BODY = YES;
				CLANG_WARN_ENUM_CONVERSION = YES;
				CLANG_WARN_INT_CONVERSION = YES;
				CLANG_WARN_OBJC_ROOT_CLASS = YES_ERROR;
				CLANG_WARN__DUPLICATE_METHOD_MATCH = YES;
				"CODE_SIGN_IDENTITY[sdk=iphoneos*]" = "iPhone Developer";
				COPY_PHASE_STRIP = NO;
				GCC_C_LANGUAGE_STANDARD = gnu99;
				GCC_DYNAMIC_NO_PIC = NO;
				GCC_OPTIMIZATION_LEVEL = 0;
				GCC_PREPROCESSOR_DEFINITIONS = (
					"DEBUG=1",
					"$(inherited)",
				);
				GCC_SYMBOLS_PRIVATE_EXTERN = NO;
				GCC_WARN_64_TO_32_BIT_CONVERSION = YES;
				GCC_WARN_ABOUT_RETURN_TYPE = YES_ERROR;
				GCC_WARN_UNDECLARED_SELECTOR = YES;
				GCC_WARN_UNINITIALIZED_AUTOS = YES;
				GCC_WARN_UNUSED_FUNCTION = YES;
				GCC_WARN_UNUSED_VARIABLE = YES;
				IPHONEOS_DEPLOYMENT_TARGET = 7.0;
				ONLY_ACTIVE_ARCH = YES;
				SDKROOT = iphoneos;
				TARGETED_DEVICE_FAMILY = "1,2";
			};
			name = Debug;
		};
		AAC4443A183104ED003251E8 /* Release */ = {
			isa = XCBuildConfiguration;
			buildSettings = {
				ALWAYS_SEARCH_USER_PATHS = NO;
				ARCHS = "$(ARCHS_STANDARD_INCLUDING_64_BIT)";
				CLANG_CXX_LANGUAGE_STANDARD = "gnu++0x";
				CLANG_CXX_LIBRARY = "libc++";
				CLANG_ENABLE_MODULES = YES;
				CLANG_ENABLE_OBJC_ARC = YES;
				CLANG_WARN_BOOL_CONVERSION = YES;
				CLANG_WARN_CONSTANT_CONVERSION = YES;
				CLANG_WARN_DIRECT_OBJC_ISA_USAGE = YES_ERROR;
				CLANG_WARN_EMPTY_BODY = YES;
				CLANG_WARN_ENUM_CONVERSION = YES;
				CLANG_WARN_INT_CONVERSION = YES;
				CLANG_WARN_OBJC_ROOT_CLASS = YES_ERROR;
				CLANG_WARN__DUPLICATE_METHOD_MATCH = YES;
				"CODE_SIGN_IDENTITY[sdk=iphoneos*]" = "iPhone Developer";
				COPY_PHASE_STRIP = YES;
				ENABLE_NS_ASSERTIONS = NO;
				GCC_C_LANGUAGE_STANDARD = gnu99;
				GCC_WARN_64_TO_32_BIT_CONVERSION = YES;
				GCC_WARN_ABOUT_RETURN_TYPE = YES_ERROR;
				GCC_WARN_UNDECLARED_SELECTOR = YES;
				GCC_WARN_UNINITIALIZED_AUTOS = YES;
				GCC_WARN_UNUSED_FUNCTION = YES;
				GCC_WARN_UNUSED_VARIABLE = YES;
				IPHONEOS_DEPLOYMENT_TARGET = 7.0;
				SDKROOT = iphoneos;
				TARGETED_DEVICE_FAMILY = "1,2";
				VALIDATE_PRODUCT = YES;
			};
			name = Release;
		};
		AAC4443C183104ED003251E8 /* Debug */ = {
			isa = XCBuildConfiguration;
			buildSettings = {
				ASSETCATALOG_COMPILER_APPICON_NAME = AppIcon;
				ASSETCATALOG_COMPILER_LAUNCHIMAGE_NAME = LaunchImage;
				GCC_PRECOMPILE_PREFIX_HEADER = YES;
				GCC_PREFIX_HEADER = "Phase 2/Phase 2-Prefix.pch";
				INFOPLIST_FILE = "Phase 2/Phase 2-Info.plist";
				PRODUCT_NAME = "$(TARGET_NAME)";
				WRAPPER_EXTENSION = app;
			};
			name = Debug;
		};
		AAC4443D183104ED003251E8 /* Release */ = {
			isa = XCBuildConfiguration;
			buildSettings = {
				ASSETCATALOG_COMPILER_APPICON_NAME = AppIcon;
				ASSETCATALOG_COMPILER_LAUNCHIMAGE_NAME = LaunchImage;
				GCC_PRECOMPILE_PREFIX_HEADER = YES;
				GCC_PREFIX_HEADER = "Phase 2/Phase 2-Prefix.pch";
				INFOPLIST_FILE = "Phase 2/Phase 2-Info.plist";
				PRODUCT_NAME = "$(TARGET_NAME)";
				WRAPPER_EXTENSION = app;
			};
			name = Release;
		};
		AAC4443F183104ED003251E8 /* Debug */ = {
			isa = XCBuildConfiguration;
			buildSettings = {
				ARCHS = "$(ARCHS_STANDARD_INCLUDING_64_BIT)";
				BUNDLE_LOADER = "$(BUILT_PRODUCTS_DIR)/Phase 2.app/Phase 2";
				FRAMEWORK_SEARCH_PATHS = (
					"$(SDKROOT)/Developer/Library/Frameworks",
					"$(inherited)",
					"$(DEVELOPER_FRAMEWORKS_DIR)",
				);
				GCC_PRECOMPILE_PREFIX_HEADER = YES;
				GCC_PREFIX_HEADER = "Phase 2/Phase 2-Prefix.pch";
				GCC_PREPROCESSOR_DEFINITIONS = (
					"DEBUG=1",
					"$(inherited)",
				);
				INFOPLIST_FILE = "Phase 2Tests/Phase 2Tests-Info.plist";
				PRODUCT_NAME = "$(TARGET_NAME)";
				TEST_HOST = "$(BUNDLE_LOADER)";
				WRAPPER_EXTENSION = xctest;
			};
			name = Debug;
		};
		AAC44440183104ED003251E8 /* Release */ = {
			isa = XCBuildConfiguration;
			buildSettings = {
				ARCHS = "$(ARCHS_STANDARD_INCLUDING_64_BIT)";
				BUNDLE_LOADER = "$(BUILT_PRODUCTS_DIR)/Phase 2.app/Phase 2";
				FRAMEWORK_SEARCH_PATHS = (
					"$(SDKROOT)/Developer/Library/Frameworks",
					"$(inherited)",
					"$(DEVELOPER_FRAMEWORKS_DIR)",
				);
				GCC_PRECOMPILE_PREFIX_HEADER = YES;
				GCC_PREFIX_HEADER = "Phase 2/Phase 2-Prefix.pch";
				INFOPLIST_FILE = "Phase 2Tests/Phase 2Tests-Info.plist";
				PRODUCT_NAME = "$(TARGET_NAME)";
				TEST_HOST = "$(BUNDLE_LOADER)";
				WRAPPER_EXTENSION = xctest;
			};
			name = Release;
		};
/* End XCBuildConfiguration section */

/* Begin XCConfigurationList section */
		AAC443FE183104ED003251E8 /* Build configuration list for PBXProject "Phase 2" */ = {
			isa = XCConfigurationList;
			buildConfigurations = (
				AAC44439183104ED003251E8 /* Debug */,
				AAC4443A183104ED003251E8 /* Release */,
			);
			defaultConfigurationIsVisible = 0;
			defaultConfigurationName = Release;
		};
		AAC4443B183104ED003251E8 /* Build configuration list for PBXNativeTarget "Phase 2" */ = {
			isa = XCConfigurationList;
			buildConfigurations = (
				AAC4443C183104ED003251E8 /* Debug */,
				AAC4443D183104ED003251E8 /* Release */,
			);
			defaultConfigurationIsVisible = 0;
			defaultConfigurationName = Release;
		};
		AAC4443E183104ED003251E8 /* Build configuration list for PBXNativeTarget "Phase 2Tests" */ = {
			isa = XCConfigurationList;
			buildConfigurations = (
				AAC4443F183104ED003251E8 /* Debug */,
				AAC44440183104ED003251E8 /* Release */,
			);
			defaultConfigurationIsVisible = 0;
			defaultConfigurationName = Release;
		};
/* End XCConfigurationList section */
	};
	rootObject = AAC443FB183104ED003251E8 /* Project object */;
}
